
Microsoft Visual Studio Solution File, Format Version 12.00
# Visual Studio Version 17
VisualStudioVersion = 17.2.32630.192
MinimumVisualStudioVersion = 10.0.40219.1
Project("{FAE04EC0-301F-11D3-BF4B-00C04F79EFBC}") = "KANTANJson", "KANTANJson\KANTANJson.csproj", "{B533E409-6132-4AEC-A2CB-1079E490FB02}"
EndProject
Project("{FAE04EC0-301F-11D3-BF4B-00C04F79EFBC}") = "KANTANJsonDriver", "KANTANJsonDriver\KANTANJsonDriver.csproj", "{AADFE2AD-2585-425F-86A1-9A8EEFCCF739}"
EndProject
Global
	GlobalSection(SolutionConfigurationPlatforms) = preSolution
		Debug|Any CPU = Debug|Any CPU
		Release|Any CPU = Release|Any CPU
	EndGlobalSection
	GlobalSection(ProjectConfigurationPlatforms) = postSolution
		{B533E409-6132-4AEC-A2CB-1079E490FB02}.Debug|Any CPU.ActiveCfg = Debug|Any CPU
		{B533E409-6132-4AEC-A2CB-1079E490FB02}.Debug|Any CPU.Build.0 = Debug|Any CPU
		{B533E409-6132-4AEC-A2CB-1079E490FB02}.Release|Any CPU.ActiveCfg = Release|Any CPU
		{B533E409-6132-4AEC-A2CB-1079E490FB02}.Release|Any CPU.Build.0 = Release|Any CPU
		{AADFE2AD-2585-425F-86A1-9A8EEFCCF739}.Debug|Any CPU.ActiveCfg = Debug|Any CPU
		{AADFE2AD-2585-425F-86A1-9A8EEFCCF739}.Debug|Any CPU.Build.0 = Debug|Any CPU
		{AADFE2AD-2585-425F-86A1-9A8EEFCCF739}.Release|Any CPU.ActiveCfg = Release|Any CPU
		{AADFE2AD-2585-425F-86A1-9A8EEFCCF739}.Release|Any CPU.Build.0 = Release|Any CPU
	EndGlobalSection
	GlobalSection(SolutionProperties) = preSolution
		HideSolutionNode = FALSE
	EndGlobalSection
	GlobalSection(ExtensibilityGlobals) = postSolution
		SolutionGuid = {B9C7876D-F237-4CEA-9630-7B28CE5EB982}
	EndGlobalSection
EndGlobal
